
Microsoft Visual Studio Solution File, Format Version 12.00
# Visual Studio Version 17
VisualStudioVersion = 17.14.36221.1 d17.14
MinimumVisualStudioVersion = 10.0.40219.1
Project("{FAE04EC0-301F-11D3-BF4B-00C04F79EFBC}") = "C# Basics Exam", "C# Basics Exam\C# Basics Exam.csproj", "{FFD1EC43-B2CE-4D18-99E5-45DC39EA11F7}"
EndProject
Global
	GlobalSection(SolutionConfigurationPlatforms) = preSolution
		Debug|Any CPU = Debug|Any CPU
		Release|Any CPU = Release|Any CPU
	EndGlobalSection
	GlobalSection(ProjectConfigurationPlatforms) = postSolution
		{FFD1EC43-B2CE-4D18-99E5-45DC39EA11F7}.Debug|Any CPU.ActiveCfg = Debug|Any CPU
		{FFD1EC43-B2CE-4D18-99E5-45DC39EA11F7}.Debug|Any CPU.Build.0 = Debug|Any CPU
		{FFD1EC43-B2CE-4D18-99E5-45DC39EA11F7}.Release|Any CPU.ActiveCfg = Release|Any CPU
		{FFD1EC43-B2CE-4D18-99E5-45DC39EA11F7}.Release|Any CPU.Build.0 = Release|Any CPU
	EndGlobalSection
	GlobalSection(SolutionProperties) = preSolution
		HideSolutionNode = FALSE
	EndGlobalSection
	GlobalSection(ExtensibilityGlobals) = postSolution
		SolutionGuid = {3C6F1CFA-E9E7-4AA5-98F8-AA6FD07F09F7}
	EndGlobalSection
EndGlobal
